
Microsoft Visual Studio Solution File, Format Version 12.00
# Visual Studio 15
VisualStudioVersion = 15.0.26124.0
MinimumVisualStudioVersion = 15.0.26124.0
Project("{FAE04EC0-301F-11D3-BF4B-00C04F79EFBC}") = "INTU.Search.UI", "INTU.Search.UI\INTU.Search.UI.csproj", "{E9B8CC17-DC67-4A5C-9359-574B73F8E445}"
EndProject
Project("{FAE04EC0-301F-11D3-BF4B-00C04F79EFBC}") = "INTU.Search.Model", "INTU.Search.Model\INTU.Search.Model.csproj", "{018D2BD1-E7C6-4FB7-A6BB-C53383F44788}"
EndProject
Project("{FAE04EC0-301F-11D3-BF4B-00C04F79EFBC}") = "INTU.Search.Components", "INTU.Search.Components\INTU.Search.Components.csproj", "{E4CCB9D4-0691-4AB7-B687-F545CD821634}"
EndProject
Project("{FAE04EC0-301F-11D3-BF4B-00C04F79EFBC}") = "INTU.Search.Client", "INTU.Search.Client\INTU.Search.Client.csproj", "{9709192C-9881-4AF5-A4BE-66C912AAB069}"
EndProject
Project("{FAE04EC0-301F-11D3-BF4B-00C04F79EFBC}") = "INTU.Search.ViewModel", "INTU.Search.ViewModel\INTU.Search.ViewModel.csproj", "{5EB5E38F-1E48-409B-AA15-DFF82FFD0F10}"
EndProject
Project("{FAE04EC0-301F-11D3-BF4B-00C04F79EFBC}") = "INTU.Search.Business", "INTU.Search.Business\INTU.Search.Business.csproj", "{F2E7E14E-08B9-4E19-8604-EC33CF24B663}"
EndProject
Global
	GlobalSection(SolutionConfigurationPlatforms) = preSolution
		Debug|Any CPU = Debug|Any CPU
		Debug|x64 = Debug|x64
		Debug|x86 = Debug|x86
		Release|Any CPU = Release|Any CPU
		Release|x64 = Release|x64
		Release|x86 = Release|x86
	EndGlobalSection
	GlobalSection(SolutionProperties) = preSolution
		HideSolutionNode = FALSE
	EndGlobalSection
	GlobalSection(ProjectConfigurationPlatforms) = postSolution
		{E9B8CC17-DC67-4A5C-9359-574B73F8E445}.Debug|Any CPU.ActiveCfg = Debug|Any CPU
		{E9B8CC17-DC67-4A5C-9359-574B73F8E445}.Debug|Any CPU.Build.0 = Debug|Any CPU
		{E9B8CC17-DC67-4A5C-9359-574B73F8E445}.Debug|x64.ActiveCfg = Debug|Any CPU
		{E9B8CC17-DC67-4A5C-9359-574B73F8E445}.Debug|x64.Build.0 = Debug|Any CPU
		{E9B8CC17-DC67-4A5C-9359-574B73F8E445}.Debug|x86.ActiveCfg = Debug|Any CPU
		{E9B8CC17-DC67-4A5C-9359-574B73F8E445}.Debug|x86.Build.0 = Debug|Any CPU
		{E9B8CC17-DC67-4A5C-9359-574B73F8E445}.Release|Any CPU.ActiveCfg = Release|Any CPU
		{E9B8CC17-DC67-4A5C-9359-574B73F8E445}.Release|Any CPU.Build.0 = Release|Any CPU
		{E9B8CC17-DC67-4A5C-9359-574B73F8E445}.Release|x64.ActiveCfg = Release|Any CPU
		{E9B8CC17-DC67-4A5C-9359-574B73F8E445}.Release|x64.Build.0 = Release|Any CPU
		{E9B8CC17-DC67-4A5C-9359-574B73F8E445}.Release|x86.ActiveCfg = Release|Any CPU
		{E9B8CC17-DC67-4A5C-9359-574B73F8E445}.Release|x86.Build.0 = Release|Any CPU
		{018D2BD1-E7C6-4FB7-A6BB-C53383F44788}.Debug|Any CPU.ActiveCfg = Debug|Any CPU
		{018D2BD1-E7C6-4FB7-A6BB-C53383F44788}.Debug|Any CPU.Build.0 = Debug|Any CPU
		{018D2BD1-E7C6-4FB7-A6BB-C53383F44788}.Debug|x64.ActiveCfg = Debug|Any CPU
		{018D2BD1-E7C6-4FB7-A6BB-C53383F44788}.Debug|x64.Build.0 = Debug|Any CPU
		{018D2BD1-E7C6-4FB7-A6BB-C53383F44788}.Debug|x86.ActiveCfg = Debug|Any CPU
		{018D2BD1-E7C6-4FB7-A6BB-C53383F44788}.Debug|x86.Build.0 = Debug|Any CPU
		{018D2BD1-E7C6-4FB7-A6BB-C53383F44788}.Release|Any CPU.ActiveCfg = Release|Any CPU
		{018D2BD1-E7C6-4FB7-A6BB-C53383F44788}.Release|Any CPU.Build.0 = Release|Any CPU
		{018D2BD1-E7C6-4FB7-A6BB-C53383F44788}.Release|x64.ActiveCfg = Release|Any CPU
		{018D2BD1-E7C6-4FB7-A6BB-C53383F44788}.Release|x64.Build.0 = Release|Any CPU
		{018D2BD1-E7C6-4FB7-A6BB-C53383F44788}.Release|x86.ActiveCfg = Release|Any CPU
		{018D2BD1-E7C6-4FB7-A6BB-C53383F44788}.Release|x86.Build.0 = Release|Any CPU
		{E4CCB9D4-0691-4AB7-B687-F545CD821634}.Debug|Any CPU.ActiveCfg = Debug|Any CPU
		{E4CCB9D4-0691-4AB7-B687-F545CD821634}.Debug|Any CPU.Build.0 = Debug|Any CPU
		{E4CCB9D4-0691-4AB7-B687-F545CD821634}.Debug|x64.ActiveCfg = Debug|Any CPU
		{E4CCB9D4-0691-4AB7-B687-F545CD821634}.Debug|x64.Build.0 = Debug|Any CPU
		{E4CCB9D4-0691-4AB7-B687-F545CD821634}.Debug|x86.ActiveCfg = Debug|Any CPU
		{E4CCB9D4-0691-4AB7-B687-F545CD821634}.Debug|x86.Build.0 = Debug|Any CPU
		{E4CCB9D4-0691-4AB7-B687-F545CD821634}.Release|Any CPU.ActiveCfg = Release|Any CPU
		{E4CCB9D4-0691-4AB7-B687-F545CD821634}.Release|Any CPU.Build.0 = Release|Any CPU
		{E4CCB9D4-0691-4AB7-B687-F545CD821634}.Release|x64.ActiveCfg = Release|Any CPU
		{E4CCB9D4-0691-4AB7-B687-F545CD821634}.Release|x64.Build.0 = Release|Any CPU
		{E4CCB9D4-0691-4AB7-B687-F545CD821634}.Release|x86.ActiveCfg = Release|Any CPU
		{E4CCB9D4-0691-4AB7-B687-F545CD821634}.Release|x86.Build.0 = Release|Any CPU
		{9709192C-9881-4AF5-A4BE-66C912AAB069}.Debug|Any CPU.ActiveCfg = Debug|Any CPU
		{9709192C-9881-4AF5-A4BE-66C912AAB069}.Debug|Any CPU.Build.0 = Debug|Any CPU
		{9709192C-9881-4AF5-A4BE-66C912AAB069}.Debug|x64.ActiveCfg = Debug|Any CPU
		{9709192C-9881-4AF5-A4BE-66C912AAB069}.Debug|x64.Build.0 = Debug|Any CPU
		{9709192C-9881-4AF5-A4BE-66C912AAB069}.Debug|x86.ActiveCfg = Debug|Any CPU
		{9709192C-9881-4AF5-A4BE-66C912AAB069}.Debug|x86.Build.0 = Debug|Any CPU
		{9709192C-9881-4AF5-A4BE-66C912AAB069}.Release|Any CPU.ActiveCfg = Release|Any CPU
		{9709192C-9881-4AF5-A4BE-66C912AAB069}.Release|Any CPU.Build.0 = Release|Any CPU
		{9709192C-9881-4AF5-A4BE-66C912AAB069}.Release|x64.ActiveCfg = Release|Any CPU
		{9709192C-9881-4AF5-A4BE-66C912AAB069}.Release|x64.Build.0 = Release|Any CPU
		{9709192C-9881-4AF5-A4BE-66C912AAB069}.Release|x86.ActiveCfg = Release|Any CPU
		{9709192C-9881-4AF5-A4BE-66C912AAB069}.Release|x86.Build.0 = Release|Any CPU
		{5EB5E38F-1E48-409B-AA15-DFF82FFD0F10}.Debug|Any CPU.ActiveCfg = Debug|Any CPU
		{5EB5E38F-1E48-409B-AA15-DFF82FFD0F10}.Debug|Any CPU.Build.0 = Debug|Any CPU
		{5EB5E38F-1E48-409B-AA15-DFF82FFD0F10}.Debug|x64.ActiveCfg = Debug|Any CPU
		{5EB5E38F-1E48-409B-AA15-DFF82FFD0F10}.Debug|x64.Build.0 = Debug|Any CPU
		{5EB5E38F-1E48-409B-AA15-DFF82FFD0F10}.Debug|x86.ActiveCfg = Debug|Any CPU
		{5EB5E38F-1E48-409B-AA15-DFF82FFD0F10}.Debug|x86.Build.0 = Debug|Any CPU
		{5EB5E38F-1E48-409B-AA15-DFF82FFD0F10}.Release|Any CPU.ActiveCfg = Release|Any CPU
		{5EB5E38F-1E48-409B-AA15-DFF82FFD0F10}.Release|Any CPU.Build.0 = Release|Any CPU
		{5EB5E38F-1E48-409B-AA15-DFF82FFD0F10}.Release|x64.ActiveCfg = Release|Any CPU
		{5EB5E38F-1E48-409B-AA15-DFF82FFD0F10}.Release|x64.Build.0 = Release|Any CPU
		{5EB5E38F-1E48-409B-AA15-DFF82FFD0F10}.Release|x86.ActiveCfg = Release|Any CPU
		{5EB5E38F-1E48-409B-AA15-DFF82FFD0F10}.Release|x86.Build.0 = Release|Any CPU
		{F2E7E14E-08B9-4E19-8604-EC33CF24B663}.Debug|Any CPU.ActiveCfg = Debug|Any CPU
		{F2E7E14E-08B9-4E19-8604-EC33CF24B663}.Debug|Any CPU.Build.0 = Debug|Any CPU
		{F2E7E14E-08B9-4E19-8604-EC33CF24B663}.Debug|x64.ActiveCfg = Debug|Any CPU
		{F2E7E14E-08B9-4E19-8604-EC33CF24B663}.Debug|x64.Build.0 = Debug|Any CPU
		{F2E7E14E-08B9-4E19-8604-EC33CF24B663}.Debug|x86.ActiveCfg = Debug|Any CPU
		{F2E7E14E-08B9-4E19-8604-EC33CF24B663}.Debug|x86.Build.0 = Debug|Any CPU
		{F2E7E14E-08B9-4E19-8604-EC33CF24B663}.Release|Any CPU.ActiveCfg = Release|Any CPU
		{F2E7E14E-08B9-4E19-8604-EC33CF24B663}.Release|Any CPU.Build.0 = Release|Any CPU
		{F2E7E14E-08B9-4E19-8604-EC33CF24B663}.Release|x64.ActiveCfg = Release|Any CPU
		{F2E7E14E-08B9-4E19-8604-EC33CF24B663}.Release|x64.Build.0 = Release|Any CPU
		{F2E7E14E-08B9-4E19-8604-EC33CF24B663}.Release|x86.ActiveCfg = Release|Any CPU
		{F2E7E14E-08B9-4E19-8604-EC33CF24B663}.Release|x86.Build.0 = Release|Any CPU
	EndGlobalSection
EndGlobal
